// !$*UTF8*$!
{
	archiveVersion = 1;
	classes = {
	};
	objectVersion = 56;
	objects = {

/* Begin PBXBuildFile section */
		32B0B8512A46096600D69797 /* AppDelegate.swift in Sources */ = {isa = PBXBuildFile; fileRef = 32B0B8502A46096600D69797 /* AppDelegate.swift */; };
		32B0B8532A46096600D69797 /* SceneDelegate.swift in Sources */ = {isa = PBXBuildFile; fileRef = 32B0B8522A46096600D69797 /* SceneDelegate.swift */; };
		32B0B8552A46096600D69797 /* HomeScreenVC.swift in Sources */ = {isa = PBXBuildFile; fileRef = 32B0B8542A46096600D69797 /* HomeScreenVC.swift */; };
		32B0B85A2A46096600D69797 /* Assets.xcassets in Resources */ = {isa = PBXBuildFile; fileRef = 32B0B8592A46096600D69797 /* Assets.xcassets */; };
		32B0B85D2A46096600D69797 /* LaunchScreen.storyboard in Resources */ = {isa = PBXBuildFile; fileRef = 32B0B85B2A46096600D69797 /* LaunchScreen.storyboard */; };
		32B0B8662A460BC100D69797 /* WMTitleLabel.swift in Sources */ = {isa = PBXBuildFile; fileRef = 32B0B8652A460BC100D69797 /* WMTitleLabel.swift */; };
		32B0B8682A46316700D69797 /* WMTabBarController.swift in Sources */ = {isa = PBXBuildFile; fileRef = 32B0B8672A46316700D69797 /* WMTabBarController.swift */; };
		32B0B86A2A46325000D69797 /* SearchVC.swift in Sources */ = {isa = PBXBuildFile; fileRef = 32B0B8692A46325000D69797 /* SearchVC.swift */; };
		32B0B86C2A46327900D69797 /* FavoritesVC.swift in Sources */ = {isa = PBXBuildFile; fileRef = 32B0B86B2A46327900D69797 /* FavoritesVC.swift */; };
		32B0B8702A46430600D69797 /* SignInVC.swift in Sources */ = {isa = PBXBuildFile; fileRef = 32B0B86F2A46430600D69797 /* SignInVC.swift */; };
		32B0B8722A46833A00D69797 /* WatchlistVC.swift in Sources */ = {isa = PBXBuildFile; fileRef = 32B0B8712A46833A00D69797 /* WatchlistVC.swift */; };
		32F4D60E2A476EF300533FD0 /* WMTextField.swift in Sources */ = {isa = PBXBuildFile; fileRef = 32F4D60D2A476EF300533FD0 /* WMTextField.swift */; };
/* End PBXBuildFile section */

/* Begin PBXFileReference section */
		32B0B84D2A46096600D69797 /* WikiMovie.app */ = {isa = PBXFileReference; explicitFileType = wrapper.application; includeInIndex = 0; path = WikiMovie.app; sourceTree = BUILT_PRODUCTS_DIR; };
		32B0B8502A46096600D69797 /* AppDelegate.swift */ = {isa = PBXFileReference; lastKnownFileType = sourcecode.swift; path = AppDelegate.swift; sourceTree = "<group>"; };
		32B0B8522A46096600D69797 /* SceneDelegate.swift */ = {isa = PBXFileReference; lastKnownFileType = sourcecode.swift; path = SceneDelegate.swift; sourceTree = "<group>"; };
		32B0B8542A46096600D69797 /* HomeScreenVC.swift */ = {isa = PBXFileReference; lastKnownFileType = sourcecode.swift; path = HomeScreenVC.swift; sourceTree = "<group>"; };
		32B0B8592A46096600D69797 /* Assets.xcassets */ = {isa = PBXFileReference; lastKnownFileType = folder.assetcatalog; path = Assets.xcassets; sourceTree = "<group>"; };
		32B0B85C2A46096600D69797 /* Base */ = {isa = PBXFileReference; lastKnownFileType = file.storyboard; name = Base; path = Base.lproj/LaunchScreen.storyboard; sourceTree = "<group>"; };
		32B0B85E2A46096600D69797 /* Info.plist */ = {isa = PBXFileReference; lastKnownFileType = text.plist.xml; path = Info.plist; sourceTree = "<group>"; };
		32B0B8652A460BC100D69797 /* WMTitleLabel.swift */ = {isa = PBXFileReference; lastKnownFileType = sourcecode.swift; path = WMTitleLabel.swift; sourceTree = "<group>"; };
		32B0B8672A46316700D69797 /* WMTabBarController.swift */ = {isa = PBXFileReference; lastKnownFileType = sourcecode.swift; path = WMTabBarController.swift; sourceTree = "<group>"; };
		32B0B8692A46325000D69797 /* SearchVC.swift */ = {isa = PBXFileReference; lastKnownFileType = sourcecode.swift; path = SearchVC.swift; sourceTree = "<group>"; };
		32B0B86B2A46327900D69797 /* FavoritesVC.swift */ = {isa = PBXFileReference; lastKnownFileType = sourcecode.swift; path = FavoritesVC.swift; sourceTree = "<group>"; };
		32B0B86F2A46430600D69797 /* SignInVC.swift */ = {isa = PBXFileReference; lastKnownFileType = sourcecode.swift; path = SignInVC.swift; sourceTree = "<group>"; };
		32B0B8712A46833A00D69797 /* WatchlistVC.swift */ = {isa = PBXFileReference; lastKnownFileType = sourcecode.swift; path = WatchlistVC.swift; sourceTree = "<group>"; };
		32F4D60D2A476EF300533FD0 /* WMTextField.swift */ = {isa = PBXFileReference; lastKnownFileType = sourcecode.swift; path = WMTextField.swift; sourceTree = "<group>"; };
/* End PBXFileReference section */

/* Begin PBXFrameworksBuildPhase section */
		32B0B84A2A46096600D69797 /* Frameworks */ = {
			isa = PBXFrameworksBuildPhase;
			buildActionMask = 2147483647;
			files = (
			);
			runOnlyForDeploymentPostprocessing = 0;
		};
/* End PBXFrameworksBuildPhase section */

/* Begin PBXGroup section */
		32B0B8442A46096600D69797 = {
			isa = PBXGroup;
			children = (
				32B0B84F2A46096600D69797 /* WikiMovie */,
				32B0B84E2A46096600D69797 /* Products */,
			);
			sourceTree = "<group>";
		};
		32B0B84E2A46096600D69797 /* Products */ = {
			isa = PBXGroup;
			children = (
				32B0B84D2A46096600D69797 /* WikiMovie.app */,
			);
			name = Products;
			sourceTree = "<group>";
		};
		32B0B84F2A46096600D69797 /* WikiMovie */ = {
			isa = PBXGroup;
			children = (
				32B0B8642A460B8E00D69797 /* Custom Views */,
				32B0B86D2A4634EA00D69797 /* Screens */,
				32B0B86E2A4634FF00D69797 /* Support */,
				32B0B85E2A46096600D69797 /* Info.plist */,
			);
			path = WikiMovie;
			sourceTree = "<group>";
		};
		32B0B8642A460B8E00D69797 /* Custom Views */ = {
			isa = PBXGroup;
			children = (
				32B0B8652A460BC100D69797 /* WMTitleLabel.swift */,
				32F4D60D2A476EF300533FD0 /* WMTextField.swift */,
			);
			path = "Custom Views";
			sourceTree = "<group>";
		};
		32B0B86D2A4634EA00D69797 /* Screens */ = {
			isa = PBXGroup;
			children = (
				32B0B8542A46096600D69797 /* HomeScreenVC.swift */,
				32B0B86F2A46430600D69797 /* SignInVC.swift */,
				32B0B8692A46325000D69797 /* SearchVC.swift */,
				32B0B86B2A46327900D69797 /* FavoritesVC.swift */,
				32B0B8712A46833A00D69797 /* WatchlistVC.swift */,
			);
			path = Screens;
			sourceTree = "<group>";
		};
		32B0B86E2A4634FF00D69797 /* Support */ = {
			isa = PBXGroup;
			children = (
				32B0B8592A46096600D69797 /* Assets.xcassets */,
				32B0B85B2A46096600D69797 /* LaunchScreen.storyboard */,
				32B0B8672A46316700D69797 /* WMTabBarController.swift */,
				32B0B8522A46096600D69797 /* SceneDelegate.swift */,
				32B0B8502A46096600D69797 /* AppDelegate.swift */,
			);
			path = Support;
			sourceTree = "<group>";
		};
/* End PBXGroup section */

/* Begin PBXNativeTarget section */
		32B0B84C2A46096600D69797 /* WikiMovie */ = {
			isa = PBXNativeTarget;
			buildConfigurationList = 32B0B8612A46096600D69797 /* Build configuration list for PBXNativeTarget "WikiMovie" */;
			buildPhases = (
				32B0B8492A46096600D69797 /* Sources */,
				32B0B84A2A46096600D69797 /* Frameworks */,
				32B0B84B2A46096600D69797 /* Resources */,
			);
			buildRules = (
			);
			dependencies = (
			);
			name = WikiMovie;
			productName = wikiMovie;
			productReference = 32B0B84D2A46096600D69797 /* WikiMovie.app */;
			productType = "com.apple.product-type.application";
		};
/* End PBXNativeTarget section */

/* Begin PBXProject section */
		32B0B8452A46096600D69797 /* Project object */ = {
			isa = PBXProject;
			attributes = {
				BuildIndependentTargetsInParallel = 1;
				LastSwiftUpdateCheck = 1430;
				LastUpgradeCheck = 1430;
				TargetAttributes = {
					32B0B84C2A46096600D69797 = {
						CreatedOnToolsVersion = 14.3.1;
					};
				};
			};
			buildConfigurationList = 32B0B8482A46096600D69797 /* Build configuration list for PBXProject "WikiMovie" */;
			compatibilityVersion = "Xcode 14.0";
			developmentRegion = en;
			hasScannedForEncodings = 0;
			knownRegions = (
				en,
				Base,
			);
			mainGroup = 32B0B8442A46096600D69797;
			productRefGroup = 32B0B84E2A46096600D69797 /* Products */;
			projectDirPath = "";
			projectRoot = "";
			targets = (
				32B0B84C2A46096600D69797 /* WikiMovie */,
			);
		};
/* End PBXProject section */

/* Begin PBXResourcesBuildPhase section */
		32B0B84B2A46096600D69797 /* Resources */ = {
			isa = PBXResourcesBuildPhase;
			buildActionMask = 2147483647;
			files = (
				32B0B85D2A46096600D69797 /* LaunchScreen.storyboard in Resources */,
				32B0B85A2A46096600D69797 /* Assets.xcassets in Resources */,
			);
			runOnlyForDeploymentPostprocessing = 0;
		};
/* End PBXResourcesBuildPhase section */

/* Begin PBXSourcesBuildPhase section */
		32B0B8492A46096600D69797 /* Sources */ = {
			isa = PBXSourcesBuildPhase;
			buildActionMask = 2147483647;
			files = (
				32B0B8722A46833A00D69797 /* WatchlistVC.swift in Sources */,
				32B0B86A2A46325000D69797 /* SearchVC.swift in Sources */,
				32B0B8552A46096600D69797 /* HomeScreenVC.swift in Sources */,
				32B0B8702A46430600D69797 /* SignInVC.swift in Sources */,
				32B0B8512A46096600D69797 /* AppDelegate.swift in Sources */,
				32F4D60E2A476EF300533FD0 /* WMTextField.swift in Sources */,
				32B0B8682A46316700D69797 /* WMTabBarController.swift in Sources */,
				32B0B86C2A46327900D69797 /* FavoritesVC.swift in Sources */,
				32B0B8532A46096600D69797 /* SceneDelegate.swift in Sources */,
				32B0B8662A460BC100D69797 /* WMTitleLabel.swift in Sources */,
			);
			runOnlyForDeploymentPostprocessing = 0;
		};
/* End PBXSourcesBuildPhase section */

/* Begin PBXVariantGroup section */
		32B0B85B2A46096600D69797 /* LaunchScreen.storyboard */ = {
			isa = PBXVariantGroup;
			children = (
				32B0B85C2A46096600D69797 /* Base */,
			);
			name = LaunchScreen.storyboard;
			sourceTree = "<group>";
		};
/* End PBXVariantGroup section */

/* Begin XCBuildConfiguration section */
		32B0B85F2A46096600D69797 /* Debug */ = {
			isa = XCBuildConfiguration;
			buildSettings = {
				ALWAYS_SEARCH_USER_PATHS = NO;
				CLANG_ANALYZER_NONNULL = YES;
				CLANG_ANALYZER_NUMBER_OBJECT_CONVERSION = YES_AGGRESSIVE;
				CLANG_CXX_LANGUAGE_STANDARD = "gnu++20";
				CLANG_ENABLE_MODULES = YES;
				CLANG_ENABLE_OBJC_ARC = YES;
				CLANG_ENABLE_OBJC_WEAK = YES;
				CLANG_WARN_BLOCK_CAPTURE_AUTORELEASING = YES;
				CLANG_WARN_BOOL_CONVERSION = YES;
				CLANG_WARN_COMMA = YES;
				CLANG_WARN_CONSTANT_CONVERSION = YES;
				CLANG_WARN_DEPRECATED_OBJC_IMPLEMENTATIONS = YES;
				CLANG_WARN_DIRECT_OBJC_ISA_USAGE = YES_ERROR;
				CLANG_WARN_DOCUMENTATION_COMMENTS = YES;
				CLANG_WARN_EMPTY_BODY = YES;
				CLANG_WARN_ENUM_CONVERSION = YES;
				CLANG_WARN_INFINITE_RECURSION = YES;
				CLANG_WARN_INT_CONVERSION = YES;
				CLANG_WARN_NON_LITERAL_NULL_CONVERSION = YES;
				CLANG_WARN_OBJC_IMPLICIT_RETAIN_SELF = YES;
				CLANG_WARN_OBJC_LITERAL_CONVERSION = YES;
				CLANG_WARN_OBJC_ROOT_CLASS = YES_ERROR;
				CLANG_WARN_QUOTED_INCLUDE_IN_FRAMEWORK_HEADER = YES;
				CLANG_WARN_RANGE_LOOP_ANALYSIS = YES;
				CLANG_WARN_STRICT_PROTOTYPES = YES;
				CLANG_WARN_SUSPICIOUS_MOVE = YES;
				CLANG_WARN_UNGUARDED_AVAILABILITY = YES_AGGRESSIVE;
				CLANG_WARN_UNREACHABLE_CODE = YES;
				CLANG_WARN__DUPLICATE_METHOD_MATCH = YES;
				COPY_PHASE_STRIP = NO;
				DEBUG_INFORMATION_FORMAT = dwarf;
				ENABLE_STRICT_OBJC_MSGSEND = YES;
				ENABLE_TESTABILITY = YES;
				GCC_C_LANGUAGE_STANDARD = gnu11;
				GCC_DYNAMIC_NO_PIC = NO;
				GCC_NO_COMMON_BLOCKS = YES;
				GCC_OPTIMIZATION_LEVEL = 0;
				GCC_PREPROCESSOR_DEFINITIONS = (
					"DEBUG=1",
					"$(inherited)",
				);
				GCC_WARN_64_TO_32_BIT_CONVERSION = YES;
				GCC_WARN_ABOUT_RETURN_TYPE = YES_ERROR;
				GCC_WARN_UNDECLARED_SELECTOR = YES;
				GCC_WARN_UNINITIALIZED_AUTOS = YES_AGGRESSIVE;
				GCC_WARN_UNUSED_FUNCTION = YES;
				GCC_WARN_UNUSED_VARIABLE = YES;
				IPHONEOS_DEPLOYMENT_TARGET = 16.4;
				MTL_ENABLE_DEBUG_INFO = INCLUDE_SOURCE;
				MTL_FAST_MATH = YES;
				ONLY_ACTIVE_ARCH = YES;
				SDKROOT = iphoneos;
				SWIFT_ACTIVE_COMPILATION_CONDITIONS = DEBUG;
				SWIFT_OPTIMIZATION_LEVEL = "-Onone";
			};
			name = Debug;
		};
		32B0B8602A46096600D69797 /* Release */ = {
			isa = XCBuildConfiguration;
			buildSettings = {
				ALWAYS_SEARCH_USER_PATHS = NO;
				CLANG_ANALYZER_NONNULL = YES;
				CLANG_ANALYZER_NUMBER_OBJECT_CONVERSION = YES_AGGRESSIVE;
				CLANG_CXX_LANGUAGE_STANDARD = "gnu++20";
				CLANG_ENABLE_MODULES = YES;
				CLANG_ENABLE_OBJC_ARC = YES;
				CLANG_ENABLE_OBJC_WEAK = YES;
				CLANG_WARN_BLOCK_CAPTURE_AUTORELEASING = YES;
				CLANG_WARN_BOOL_CONVERSION = YES;
				CLANG_WARN_COMMA = YES;
				CLANG_WARN_CONSTANT_CONVERSION = YES;
				CLANG_WARN_DEPRECATED_OBJC_IMPLEMENTATIONS = YES;
				CLANG_WARN_DIRECT_OBJC_ISA_USAGE = YES_ERROR;
				CLANG_WARN_DOCUMENTATION_COMMENTS = YES;
				CLANG_WARN_EMPTY_BODY = YES;
				CLANG_WARN_ENUM_CONVERSION = YES;
				CLANG_WARN_INFINITE_RECURSION = YES;
				CLANG_WARN_INT_CONVERSION = YES;
				CLANG_WARN_NON_LITERAL_NULL_CONVERSION = YES;
				CLANG_WARN_OBJC_IMPLICIT_RETAIN_SELF = YES;
				CLANG_WARN_OBJC_LITERAL_CONVERSION = YES;
				CLANG_WARN_OBJC_ROOT_CLASS = YES_ERROR;
				CLANG_WARN_QUOTED_INCLUDE_IN_FRAMEWORK_HEADER = YES;
				CLANG_WARN_RANGE_LOOP_ANALYSIS = YES;
				CLANG_WARN_STRICT_PROTOTYPES = YES;
				CLANG_WARN_SUSPICIOUS_MOVE = YES;
				CLANG_WARN_UNGUARDED_AVAILABILITY = YES_AGGRESSIVE;
				CLANG_WARN_UNREACHABLE_CODE = YES;
				CLANG_WARN__DUPLICATE_METHOD_MATCH = YES;
				COPY_PHASE_STRIP = NO;
				DEBUG_INFORMATION_FORMAT = "dwarf-with-dsym";
				ENABLE_NS_ASSERTIONS = NO;
				ENABLE_STRICT_OBJC_MSGSEND = YES;
				GCC_C_LANGUAGE_STANDARD = gnu11;
				GCC_NO_COMMON_BLOCKS = YES;
				GCC_WARN_64_TO_32_BIT_CONVERSION = YES;
				GCC_WARN_ABOUT_RETURN_TYPE = YES_ERROR;
				GCC_WARN_UNDECLARED_SELECTOR = YES;
				GCC_WARN_UNINITIALIZED_AUTOS = YES_AGGRESSIVE;
				GCC_WARN_UNUSED_FUNCTION = YES;
				GCC_WARN_UNUSED_VARIABLE = YES;
				IPHONEOS_DEPLOYMENT_TARGET = 16.4;
				MTL_ENABLE_DEBUG_INFO = NO;
				MTL_FAST_MATH = YES;
				SDKROOT = iphoneos;
				SWIFT_COMPILATION_MODE = wholemodule;
				SWIFT_OPTIMIZATION_LEVEL = "-O";
				VALIDATE_PRODUCT = YES;
			};
			name = Release;
		};
		32B0B8622A46096600D69797 /* Debug */ = {
			isa = XCBuildConfiguration;
			buildSettings = {
				ASSETCATALOG_COMPILER_APPICON_NAME = AppIcon;
				ASSETCATALOG_COMPILER_GLOBAL_ACCENT_COLOR_NAME = AccentColor;
				CODE_SIGN_STYLE = Automatic;
				CURRENT_PROJECT_VERSION = 1;
				DEVELOPMENT_TEAM = 2DB36S6ZG2;
				GENERATE_INFOPLIST_FILE = YES;
				INFOPLIST_FILE = WikiMovie/Info.plist;
				INFOPLIST_KEY_CFBundleDisplayName = "Wiki Movie";
				INFOPLIST_KEY_UIApplicationSupportsIndirectInputEvents = YES;
				INFOPLIST_KEY_UILaunchStoryboardName = LaunchScreen;
				INFOPLIST_KEY_UISupportedInterfaceOrientations_iPad = "UIInterfaceOrientationPortrait UIInterfaceOrientationPortraitUpsideDown UIInterfaceOrientationLandscapeLeft UIInterfaceOrientationLandscapeRight";
				INFOPLIST_KEY_UISupportedInterfaceOrientations_iPhone = "UIInterfaceOrientationPortrait UIInterfaceOrientationLandscapeLeft UIInterfaceOrientationLandscapeRight";
				LD_RUNPATH_SEARCH_PATHS = (
					"$(inherited)",
					"@executable_path/Frameworks",
				);
				MARKETING_VERSION = 1.0;
				PRODUCT_BUNDLE_IDENTIFIER = com.nahuelterrazas.WikiMovie;
				PRODUCT_NAME = "$(TARGET_NAME)";
				SWIFT_EMIT_LOC_STRINGS = YES;
				SWIFT_VERSION = 5.0;
				TARGETED_DEVICE_FAMILY = "1,2";
			};
			name = Debug;
		};
		32B0B8632A46096600D69797 /* Release */ = {
			isa = XCBuildConfiguration;
			buildSettings = {
				ASSETCATALOG_COMPILER_APPICON_NAME = AppIcon;
				ASSETCATALOG_COMPILER_GLOBAL_ACCENT_COLOR_NAME = AccentColor;
				CODE_SIGN_STYLE = Automatic;
				CURRENT_PROJECT_VERSION = 1;
				DEVELOPMENT_TEAM = 2DB36S6ZG2;
				GENERATE_INFOPLIST_FILE = YES;
				INFOPLIST_FILE = WikiMovie/Info.plist;
				INFOPLIST_KEY_CFBundleDisplayName = "Wiki Movie";
				INFOPLIST_KEY_UIApplicationSupportsIndirectInputEvents = YES;
				INFOPLIST_KEY_UILaunchStoryboardName = LaunchScreen;
				INFOPLIST_KEY_UISupportedInterfaceOrientations_iPad = "UIInterfaceOrientationPortrait UIInterfaceOrientationPortraitUpsideDown UIInterfaceOrientationLandscapeLeft UIInterfaceOrientationLandscapeRight";
				INFOPLIST_KEY_UISupportedInterfaceOrientations_iPhone = "UIInterfaceOrientationPortrait UIInterfaceOrientationLandscapeLeft UIInterfaceOrientationLandscapeRight";
				LD_RUNPATH_SEARCH_PATHS = (
					"$(inherited)",
					"@executable_path/Frameworks",
				);
				MARKETING_VERSION = 1.0;
				PRODUCT_BUNDLE_IDENTIFIER = com.nahuelterrazas.WikiMovie;
				PRODUCT_NAME = "$(TARGET_NAME)";
				SWIFT_EMIT_LOC_STRINGS = YES;
				SWIFT_VERSION = 5.0;
				TARGETED_DEVICE_FAMILY = "1,2";
			};
			name = Release;
		};
/* End XCBuildConfiguration section */

/* Begin XCConfigurationList section */
		32B0B8482A46096600D69797 /* Build configuration list for PBXProject "WikiMovie" */ = {
			isa = XCConfigurationList;
			buildConfigurations = (
				32B0B85F2A46096600D69797 /* Debug */,
				32B0B8602A46096600D69797 /* Release */,
			);
			defaultConfigurationIsVisible = 0;
			defaultConfigurationName = Release;
		};
		32B0B8612A46096600D69797 /* Build configuration list for PBXNativeTarget "WikiMovie" */ = {
			isa = XCConfigurationList;
			buildConfigurations = (
				32B0B8622A46096600D69797 /* Debug */,
				32B0B8632A46096600D69797 /* Release */,
			);
			defaultConfigurationIsVisible = 0;
			defaultConfigurationName = Release;
		};
/* End XCConfigurationList section */
	};
	rootObject = 32B0B8452A46096600D69797 /* Project object */;
}
